
Microsoft Visual Studio Solution File, Format Version 12.00
# Visual Studio Version 17
VisualStudioVersion = 17.5.33414.496
MinimumVisualStudioVersion = 10.0.40219.1
Project("{888888A0-9F3D-457C-B088-3A5042F75D52}") = "Main Script", "Main Script.pyproj", "{02CA4F2F-1D51-48CB-B6BF-94416BA523E9}"
EndProject
Global
	GlobalSection(SolutionConfigurationPlatforms) = preSolution
		Debug|Any CPU = Debug|Any CPU
		Release|Any CPU = Release|Any CPU
	EndGlobalSection
	GlobalSection(ProjectConfigurationPlatforms) = postSolution
		{02CA4F2F-1D51-48CB-B6BF-94416BA523E9}.Debug|Any CPU.ActiveCfg = Debug|Any CPU
		{02CA4F2F-1D51-48CB-B6BF-94416BA523E9}.Release|Any CPU.ActiveCfg = Release|Any CPU
	EndGlobalSection
	GlobalSection(SolutionProperties) = preSolution
		HideSolutionNode = FALSE
	EndGlobalSection
	GlobalSection(ExtensibilityGlobals) = postSolution
		SolutionGuid = {2289D57C-DCE8-42A9-813B-146D69D3B4C4}
	EndGlobalSection
EndGlobal
